
Microsoft Visual Studio Solution File, Format Version 12.00
# Visual Studio Version 17
VisualStudioVersion = 17.11.35303.130
MinimumVisualStudioVersion = 10.0.40219.1
Project("{FAE04EC0-301F-11D3-BF4B-00C04F79EFBC}") = "CommonDLL", "AlgorithmenUndDatenstrukturen\CommonDLL.csproj", "{5A42CAC9-E0B7-43FC-995B-CFC1A2C1780C}"
EndProject
Project("{FAE04EC0-301F-11D3-BF4B-00C04F79EFBC}") = "DatastructureDLL", "DatastructureDLL\DatastructureDLL.csproj", "{1DF85C6D-1CEF-41DA-ABE0-E8CC1205921A}"
EndProject
Project("{FAE04EC0-301F-11D3-BF4B-00C04F79EFBC}") = "DatastructureTest", "DatastructureTest\DatastructureTest.csproj", "{DC5C9881-59DF-4B30-8C00-F17F9E96F71D}"
EndProject
Global
	GlobalSection(SolutionConfigurationPlatforms) = preSolution
		Debug|Any CPU = Debug|Any CPU
		Release|Any CPU = Release|Any CPU
	EndGlobalSection
	GlobalSection(ProjectConfigurationPlatforms) = postSolution
		{5A42CAC9-E0B7-43FC-995B-CFC1A2C1780C}.Debug|Any CPU.ActiveCfg = Debug|Any CPU
		{5A42CAC9-E0B7-43FC-995B-CFC1A2C1780C}.Debug|Any CPU.Build.0 = Debug|Any CPU
		{5A42CAC9-E0B7-43FC-995B-CFC1A2C1780C}.Release|Any CPU.ActiveCfg = Release|Any CPU
		{5A42CAC9-E0B7-43FC-995B-CFC1A2C1780C}.Release|Any CPU.Build.0 = Release|Any CPU
		{1DF85C6D-1CEF-41DA-ABE0-E8CC1205921A}.Debug|Any CPU.ActiveCfg = Debug|Any CPU
		{1DF85C6D-1CEF-41DA-ABE0-E8CC1205921A}.Debug|Any CPU.Build.0 = Debug|Any CPU
		{1DF85C6D-1CEF-41DA-ABE0-E8CC1205921A}.Release|Any CPU.ActiveCfg = Release|Any CPU
		{1DF85C6D-1CEF-41DA-ABE0-E8CC1205921A}.Release|Any CPU.Build.0 = Release|Any CPU
		{DC5C9881-59DF-4B30-8C00-F17F9E96F71D}.Debug|Any CPU.ActiveCfg = Debug|Any CPU
		{DC5C9881-59DF-4B30-8C00-F17F9E96F71D}.Debug|Any CPU.Build.0 = Debug|Any CPU
		{DC5C9881-59DF-4B30-8C00-F17F9E96F71D}.Release|Any CPU.ActiveCfg = Release|Any CPU
		{DC5C9881-59DF-4B30-8C00-F17F9E96F71D}.Release|Any CPU.Build.0 = Release|Any CPU
	EndGlobalSection
	GlobalSection(SolutionProperties) = preSolution
		HideSolutionNode = FALSE
	EndGlobalSection
	GlobalSection(ExtensibilityGlobals) = postSolution
		SolutionGuid = {8A001857-0E9A-44C7-B3A5-EC761F7A1895}
	EndGlobalSection
EndGlobal
